
Microsoft Visual Studio Solution File, Format Version 12.00
# Visual Studio Version 17
VisualStudioVersion = 17.13.35931.197 d17.13
MinimumVisualStudioVersion = 10.0.40219.1
Project("{FAE04EC0-301F-11D3-BF4B-00C04F79EFBC}") = "BikeRentalClient", "BikeRentalClient\BikeRentalClient.csproj", "{D00AB719-C11A-4D09-8C01-0BB5AB569FDD}"
EndProject
Global
	GlobalSection(SolutionConfigurationPlatforms) = preSolution
		Debug|Any CPU = Debug|Any CPU
		Release|Any CPU = Release|Any CPU
	EndGlobalSection
	GlobalSection(ProjectConfigurationPlatforms) = postSolution
		{D00AB719-C11A-4D09-8C01-0BB5AB569FDD}.Debug|Any CPU.ActiveCfg = Debug|Any CPU
		{D00AB719-C11A-4D09-8C01-0BB5AB569FDD}.Debug|Any CPU.Build.0 = Debug|Any CPU
		{D00AB719-C11A-4D09-8C01-0BB5AB569FDD}.Release|Any CPU.ActiveCfg = Release|Any CPU
		{D00AB719-C11A-4D09-8C01-0BB5AB569FDD}.Release|Any CPU.Build.0 = Release|Any CPU
	EndGlobalSection
	GlobalSection(SolutionProperties) = preSolution
		HideSolutionNode = FALSE
	EndGlobalSection
	GlobalSection(ExtensibilityGlobals) = postSolution
		SolutionGuid = {16BF9C1B-B0FA-4C38-B50E-6D1628BB130D}
	EndGlobalSection
EndGlobal
